
Microsoft Visual Studio Solution File, Format Version 12.00
# Visual Studio Version 16
VisualStudioVersion = 16.0.32002.261
MinimumVisualStudioVersion = 10.0.40219.1
Project("{FAE04EC0-301F-11D3-BF4B-00C04F79EFBC}") = "Company", "Company\Company.csproj", "{37B18C1D-4767-47DD-8618-E5F967C671F1}"
EndProject
Project("{FAE04EC0-301F-11D3-BF4B-00C04F79EFBC}") = "CompanyTest", "CompanyTest\CompanyTest.csproj", "{6B49603E-A30F-4C9C-B8D9-3F8DA146B56C}"
EndProject
Global
	GlobalSection(SolutionConfigurationPlatforms) = preSolution
		Debug|Any CPU = Debug|Any CPU
		Release|Any CPU = Release|Any CPU
	EndGlobalSection
	GlobalSection(ProjectConfigurationPlatforms) = postSolution
		{37B18C1D-4767-47DD-8618-E5F967C671F1}.Debug|Any CPU.ActiveCfg = Debug|Any CPU
		{37B18C1D-4767-47DD-8618-E5F967C671F1}.Debug|Any CPU.Build.0 = Debug|Any CPU
		{37B18C1D-4767-47DD-8618-E5F967C671F1}.Release|Any CPU.ActiveCfg = Release|Any CPU
		{37B18C1D-4767-47DD-8618-E5F967C671F1}.Release|Any CPU.Build.0 = Release|Any CPU
		{6B49603E-A30F-4C9C-B8D9-3F8DA146B56C}.Debug|Any CPU.ActiveCfg = Debug|Any CPU
		{6B49603E-A30F-4C9C-B8D9-3F8DA146B56C}.Debug|Any CPU.Build.0 = Debug|Any CPU
		{6B49603E-A30F-4C9C-B8D9-3F8DA146B56C}.Release|Any CPU.ActiveCfg = Release|Any CPU
		{6B49603E-A30F-4C9C-B8D9-3F8DA146B56C}.Release|Any CPU.Build.0 = Release|Any CPU
	EndGlobalSection
	GlobalSection(SolutionProperties) = preSolution
		HideSolutionNode = FALSE
	EndGlobalSection
	GlobalSection(ExtensibilityGlobals) = postSolution
		SolutionGuid = {EB3620BA-6232-4105-A178-5270CD7E9329}
	EndGlobalSection
EndGlobal
